{
    "name": "typings-gulp",
    "version": "1.0.0",
    "lockfileVersion": 1,
    "requires": true,
    "dependencies": {
        "@types/chokidar": {
            "version": "1.7.2",
            "resolved": "https://registry.npmjs.org/@types/chokidar/-/chokidar-1.7.2.tgz",
            "integrity": "sha512-OVvw9OGISByWrQZNWZiFwX7I1Vq62h9WkHQWYievugh+zD/is69Set/zkvaF/a1TIHHGdwpXMUuAeEZgulMk5A==",
            "dev": true,
            "requires": {
                "@types/node": "8.0.28"
            }
        },
        "@types/glob": {
            "version": "5.0.32",
            "resolved": "https://registry.npmjs.org/@types/glob/-/glob-5.0.32.tgz",
            "integrity": "sha512-DMcj5b67Alb/e4KhpzyvphC5nVDHn1oCOGZao3oBddZVMH5vgI/cvdp+O/kcxZGZaPqs0ZLAsK4YrjbtZHO05g==",
            "dev": true,
            "requires": {
                "@types/minimatch": "3.0.1",
                "@types/node": "8.0.28"
            }
        },
        "@types/glob-stream": {
            "version": "3.1.31",
            "resolved": "https://registry.npmjs.org/@types/glob-stream/-/glob-stream-3.1.31.tgz",
            "integrity": "sha512-UxdJkuoXh48URR4gJSAQAXSTeo98KTsEalJc+7wNmWrkK+8/z/V71tddUYzxtM/nlDJEKHW5Fbyh02KuHwlytg==",
            "dev": true,
            "requires": {
                "@types/glob": "5.0.32",
                "@types/node": "8.0.28"
            }
        },
        "@types/gulp": {
            "version": "4.0.4",
            "resolved": "https://registry.npmjs.org/@types/gulp/-/gulp-4.0.4.tgz",
            "integrity": "sha512-5hGc57snkSvGEkUQ42tcYAQmQrU9E41XQJNglP6FtDg7ou9QGyF1HfPZ5POGnrl7ee7uYq0Om0gh1bAmykxaxA==",
            "dev": true,
            "requires": {
                "@types/chokidar": "1.7.2",
                "@types/undertaker": "1.1.2",
                "@types/vinyl-fs": "2.4.7"
            }
        },
        "@types/minimatch": {
            "version": "3.0.1",
            "resolved": "https://registry.npmjs.org/@types/minimatch/-/minimatch-3.0.1.tgz",
            "integrity": "sha512-rUO/jz10KRSyA9SHoCWQ8WX9BICyj5jZYu1/ucKEJKb4KzLZCKMURdYbadP157Q6Zl1x0vHsrU+Z/O0XlhYQDw==",
            "dev": true
        },
        "@types/node": {
            "version": "8.0.28",
            "resolved": "https://registry.npmjs.org/@types/node/-/node-8.0.28.tgz",
            "integrity": "sha512-HupkFXEv3O3KSzcr3Ylfajg0kaerBg1DyaZzRBBQfrU3NN1mTBRE7sCveqHwXLS5Yrjvww8qFzkzYQQakG9FuQ==",
            "dev": true
        },
        "@types/undertaker": {
            "version": "1.1.2",
            "resolved": "https://registry.npmjs.org/@types/undertaker/-/undertaker-1.1.2.tgz",
            "integrity": "sha512-cfqbNE5SKyXIWKaWdeThRgZewNUX5D1yp4xPnFkuTvr93l6EreBxO9FS3bAluiadarKMBGq6aiFosLZkMsolLw==",
            "dev": true,
            "requires": {
                "@types/undertaker-registry": "1.0.0"
            }
        },
        "@types/undertaker-registry": {
            "version": "1.0.0",
            "resolved": "https://registry.npmjs.org/@types/undertaker-registry/-/undertaker-registry-1.0.0.tgz",
            "integrity": "sha1-b2GgvnWiLp72LfaLSAxovONE/l8=",
            "dev": true
        },
        "@types/vinyl": {
            "version": "2.0.1",
            "resolved": "https://registry.npmjs.org/@types/vinyl/-/vinyl-2.0.1.tgz",
            "integrity": "sha512-Joudabfn2ZofU2usW04y8OLmN75u7ZQkW0MCT3AnoBf5oUBp5iQ3Pgfz9+y1RdWkzhCPZo9/wBJ7FMWW2JrY0g==",
            "dev": true,
            "requires": {
                "@types/node": "8.0.28"
            }
        },
        "@types/vinyl-fs": {
            "version": "2.4.7",
            "resolved": "https://registry.npmjs.org/@types/vinyl-fs/-/vinyl-fs-2.4.7.tgz",
            "integrity": "sha512-9g/M58+azoeebBVzPEdo2O0ScBrXXKu9CqBlZYXe/EVG+b1beLfkFVH7mKpZnJGQz95HR8VPu8QUAoqUqO9q4Q==",
            "dev": true,
            "requires": {
                "@types/glob-stream": "3.1.31",
                "@types/node": "8.0.28",
                "@types/vinyl": "2.0.1"
            }
        }
    }
}
