{
  "name": "my-minimal-typescript-consumer",
  "version": "1.0.0",
  "lockfileVersion": 1,
  "requires": true,
  "dependencies": {
    "my-minimal-typescript-package": {
      "version": "file:../../package-source/my-minimal-typescript-package",
      "dependencies": {
        "typescript": {
          "version": "3.2.4",
          "bundled": true
        }
      }
    }
  }
}
