{
    "name": "jquery-input-watermark",
    "version": "1.0.0",
    "lockfileVersion": 1,
    "requires": true,
    "dependencies": {
        "audio5": {
            "version": "0.1.10",
            "resolved": "https://registry.npmjs.org/audio5/-/audio5-0.1.10.tgz",
            "integrity": "sha1-XVLVIdpqcW0vPSvlfGBBddTkrQM="
        }
    }
}
