{
  "name": "karma-and-jasmine-minimal",
  "version": "1.0.0",
  "lockfileVersion": 1,
  "dependencies": {
    "@types/jasmine": {
      "version": "2.5.52",
      "resolved": "https://registry.npmjs.org/@types/jasmine/-/jasmine-2.5.52.tgz",
      "integrity": "sha512-UPh5iFLlmAJ0W1jbzKyVMAC4CmvZAA6wxA9ES+SrzWvUxi5ZZfptxiIAdC6JeYlwRJLDilL3ckq4pzW1J3mngg==",
      "dev": true
    },
    "karma-typescript-preprocessor": {
      "version": "0.3.1",
      "resolved": "https://registry.npmjs.org/karma-typescript-preprocessor/-/karma-typescript-preprocessor-0.3.1.tgz",
      "integrity": "sha1-pO1Jdq8CoIAdF4Q3Vq2MzIAFPVo=",
      "dev": true
    },
    "typescript": {
      "version": "2.3.4",
      "resolved": "https://registry.npmjs.org/typescript/-/typescript-2.3.4.tgz",
      "integrity": "sha1-PTgyGCgjHkNPKHUUlZw3qCtin0I=",
      "dev": true
    }
  }
}
